
Microsoft Visual Studio Solution File, Format Version 12.00
# Visual Studio Version 17
VisualStudioVersion = 17.10.35122.118
MinimumVisualStudioVersion = 10.0.40219.1
Project("{FAE04EC0-301F-11D3-BF4B-00C04F79EFBC}") = "UI", "UI.csproj", "{B07BF762-4713-444B-8811-3D748FF8BE64}"
EndProject
Global
	GlobalSection(SolutionConfigurationPlatforms) = preSolution
		Debug|Any CPU = Debug|Any CPU
		Release|Any CPU = Release|Any CPU
	EndGlobalSection
	GlobalSection(ProjectConfigurationPlatforms) = postSolution
		{B07BF762-4713-444B-8811-3D748FF8BE64}.Debug|Any CPU.ActiveCfg = Debug|Any CPU
		{B07BF762-4713-444B-8811-3D748FF8BE64}.Debug|Any CPU.Build.0 = Debug|Any CPU
		{B07BF762-4713-444B-8811-3D748FF8BE64}.Release|Any CPU.ActiveCfg = Release|Any CPU
		{B07BF762-4713-444B-8811-3D748FF8BE64}.Release|Any CPU.Build.0 = Release|Any CPU
	EndGlobalSection
	GlobalSection(SolutionProperties) = preSolution
		HideSolutionNode = FALSE
	EndGlobalSection
	GlobalSection(ExtensibilityGlobals) = postSolution
		SolutionGuid = {58174210-19DB-4457-9521-1F5AD0DB079E}
	EndGlobalSection
EndGlobal
